// !$*UTF8*$!
{
	archiveVersion = 1;
	classes = {
	};
	objectVersion = 46;
	objects = {

/* Begin PBXBuildFile section */
		131033B01AA8C82200012B41 /* MapKit.framework in Frameworks */ = {isa = PBXBuildFile; fileRef = 131033AF1AA8C82200012B41 /* MapKit.framework */; };
		E707780B1A9BE04B0032D29F /* AppDelegate.swift in Sources */ = {isa = PBXBuildFile; fileRef = E707780A1A9BE04B0032D29F /* AppDelegate.swift */; };
		E707780D1A9BE04B0032D29F /* ViewController.swift in Sources */ = {isa = PBXBuildFile; fileRef = E707780C1A9BE04B0032D29F /* ViewController.swift */; };
		E70778101A9BE04B0032D29F /* Main.storyboard in Resources */ = {isa = PBXBuildFile; fileRef = E707780E1A9BE04B0032D29F /* Main.storyboard */; };
		E70778121A9BE04B0032D29F /* Images.xcassets in Resources */ = {isa = PBXBuildFile; fileRef = E70778111A9BE04B0032D29F /* Images.xcassets */; };
		E70778151A9BE04B0032D29F /* LaunchScreen.xib in Resources */ = {isa = PBXBuildFile; fileRef = E70778131A9BE04B0032D29F /* LaunchScreen.xib */; };
		E70778211A9BE04C0032D29F /* GoThatWayTests.swift in Sources */ = {isa = PBXBuildFile; fileRef = E70778201A9BE04C0032D29F /* GoThatWayTests.swift */; };
		E742BF3F1ACB718800A017EF /* ViewController.swift in Sources */ = {isa = PBXBuildFile; fileRef = E707780C1A9BE04B0032D29F /* ViewController.swift */; };
		E742BF401ACB718D00A017EF /* Main.storyboard in Resources */ = {isa = PBXBuildFile; fileRef = E707780E1A9BE04B0032D29F /* Main.storyboard */; };
		E76749591AA133B200134894 /* Goscreen2.jpg in Resources */ = {isa = PBXBuildFile; fileRef = E76749581AA133B200134894 /* Goscreen2.jpg */; };
		E767495B1AA133BA00134894 /* arrow1.png in Resources */ = {isa = PBXBuildFile; fileRef = E767495A1AA133BA00134894 /* arrow1.png */; };
		E77620021AD5FB26008250CF /* ClearviewHwy 4B.ttf in Resources */ = {isa = PBXBuildFile; fileRef = E77620011AD5FB26008250CF /* ClearviewHwy 4B.ttf */; };
		E77620031AD602DE008250CF /* Info.plist in Resources */ = {isa = PBXBuildFile; fileRef = E70778091A9BE04B0032D29F /* Info.plist */; };
		E7B67B4A1ACF76C000D23F40 /* NewArrow.png in Resources */ = {isa = PBXBuildFile; fileRef = E7B67B491ACF76C000D23F40 /* NewArrow.png */; };
		E7E07B461AD73D7B00AACFC0 /* corner.jpg in Resources */ = {isa = PBXBuildFile; fileRef = E7E07B451AD73D7B00AACFC0 /* corner.jpg */; };
		E7E07B481AD741EB00AACFC0 /* cornerLL.jpg in Resources */ = {isa = PBXBuildFile; fileRef = E7E07B471AD741EB00AACFC0 /* cornerLL.jpg */; };
		E7E07B4A1AD7428100AACFC0 /* cornerUL.jpg in Resources */ = {isa = PBXBuildFile; fileRef = E7E07B491AD7428100AACFC0 /* cornerUL.jpg */; };
		E7E07B4C1AD7428700AACFC0 /* cornerLR.jpg in Resources */ = {isa = PBXBuildFile; fileRef = E7E07B4B1AD7428700AACFC0 /* cornerLR.jpg */; };
		E7E07B4E1AD7485D00AACFC0 /* bottom.jpg in Resources */ = {isa = PBXBuildFile; fileRef = E7E07B4D1AD7485D00AACFC0 /* bottom.jpg */; };
		E7E07B501AD7492F00AACFC0 /* right.jpg in Resources */ = {isa = PBXBuildFile; fileRef = E7E07B4F1AD7492F00AACFC0 /* right.jpg */; };
		E7E07B521AD749A300AACFC0 /* left.jpg in Resources */ = {isa = PBXBuildFile; fileRef = E7E07B511AD749A300AACFC0 /* left.jpg */; };
		E7E07B541AD74A0300AACFC0 /* top.jpg in Resources */ = {isa = PBXBuildFile; fileRef = E7E07B531AD74A0300AACFC0 /* top.jpg */; };
/* End PBXBuildFile section */

/* Begin PBXContainerItemProxy section */
		E707781B1A9BE04C0032D29F /* PBXContainerItemProxy */ = {
			isa = PBXContainerItemProxy;
			containerPortal = E70777FD1A9BE04B0032D29F /* Project object */;
			proxyType = 1;
			remoteGlobalIDString = E70778041A9BE04B0032D29F;
			remoteInfo = GoThatWay;
		};
/* End PBXContainerItemProxy section */

/* Begin PBXFileReference section */
		131033AF1AA8C82200012B41 /* MapKit.framework */ = {isa = PBXFileReference; lastKnownFileType = wrapper.framework; name = MapKit.framework; path = System/Library/Frameworks/MapKit.framework; sourceTree = SDKROOT; };
		E70778051A9BE04B0032D29F /* GoThatWay.app */ = {isa = PBXFileReference; explicitFileType = wrapper.application; includeInIndex = 0; path = GoThatWay.app; sourceTree = BUILT_PRODUCTS_DIR; };
		E70778091A9BE04B0032D29F /* Info.plist */ = {isa = PBXFileReference; lastKnownFileType = text.plist.xml; path = Info.plist; sourceTree = "<group>"; };
		E707780A1A9BE04B0032D29F /* AppDelegate.swift */ = {isa = PBXFileReference; lastKnownFileType = sourcecode.swift; path = AppDelegate.swift; sourceTree = "<group>"; };
		E707780C1A9BE04B0032D29F /* ViewController.swift */ = {isa = PBXFileReference; lastKnownFileType = sourcecode.swift; path = ViewController.swift; sourceTree = "<group>"; };
		E707780F1A9BE04B0032D29F /* Base */ = {isa = PBXFileReference; lastKnownFileType = file.storyboard; name = Base; path = Base.lproj/Main.storyboard; sourceTree = "<group>"; };
		E70778111A9BE04B0032D29F /* Images.xcassets */ = {isa = PBXFileReference; lastKnownFileType = folder.assetcatalog; path = Images.xcassets; sourceTree = "<group>"; };
		E70778141A9BE04B0032D29F /* Base */ = {isa = PBXFileReference; lastKnownFileType = file.xib; name = Base; path = Base.lproj/LaunchScreen.xib; sourceTree = "<group>"; };
		E707781A1A9BE04C0032D29F /* GoThatWayTests.xctest */ = {isa = PBXFileReference; explicitFileType = wrapper.cfbundle; includeInIndex = 0; path = GoThatWayTests.xctest; sourceTree = BUILT_PRODUCTS_DIR; };
		E707781F1A9BE04C0032D29F /* Info.plist */ = {isa = PBXFileReference; lastKnownFileType = text.plist.xml; path = Info.plist; sourceTree = "<group>"; };
		E70778201A9BE04C0032D29F /* GoThatWayTests.swift */ = {isa = PBXFileReference; lastKnownFileType = sourcecode.swift; path = GoThatWayTests.swift; sourceTree = "<group>"; };
		E76749581AA133B200134894 /* Goscreen2.jpg */ = {isa = PBXFileReference; lastKnownFileType = image.jpeg; path = Goscreen2.jpg; sourceTree = "<group>"; };
		E767495A1AA133BA00134894 /* arrow1.png */ = {isa = PBXFileReference; lastKnownFileType = image.png; path = arrow1.png; sourceTree = "<group>"; };
		E77620011AD5FB26008250CF /* ClearviewHwy 4B.ttf */ = {isa = PBXFileReference; lastKnownFileType = file; path = "ClearviewHwy 4B.ttf"; sourceTree = "<group>"; };
		E7B67B491ACF76C000D23F40 /* NewArrow.png */ = {isa = PBXFileReference; lastKnownFileType = image.png; path = NewArrow.png; sourceTree = "<group>"; };
		E7E07B451AD73D7B00AACFC0 /* corner.jpg */ = {isa = PBXFileReference; lastKnownFileType = image.jpeg; path = corner.jpg; sourceTree = "<group>"; };
		E7E07B471AD741EB00AACFC0 /* cornerLL.jpg */ = {isa = PBXFileReference; lastKnownFileType = image.jpeg; path = cornerLL.jpg; sourceTree = "<group>"; };
		E7E07B491AD7428100AACFC0 /* cornerUL.jpg */ = {isa = PBXFileReference; lastKnownFileType = image.jpeg; path = cornerUL.jpg; sourceTree = "<group>"; };
		E7E07B4B1AD7428700AACFC0 /* cornerLR.jpg */ = {isa = PBXFileReference; lastKnownFileType = image.jpeg; path = cornerLR.jpg; sourceTree = "<group>"; };
		E7E07B4D1AD7485D00AACFC0 /* bottom.jpg */ = {isa = PBXFileReference; lastKnownFileType = image.jpeg; path = bottom.jpg; sourceTree = "<group>"; };
		E7E07B4F1AD7492F00AACFC0 /* right.jpg */ = {isa = PBXFileReference; lastKnownFileType = image.jpeg; path = right.jpg; sourceTree = "<group>"; };
		E7E07B511AD749A300AACFC0 /* left.jpg */ = {isa = PBXFileReference; lastKnownFileType = image.jpeg; path = left.jpg; sourceTree = "<group>"; };
		E7E07B531AD74A0300AACFC0 /* top.jpg */ = {isa = PBXFileReference; lastKnownFileType = image.jpeg; path = top.jpg; sourceTree = "<group>"; };
/* End PBXFileReference section */

/* Begin PBXFrameworksBuildPhase section */
		E70778021A9BE04B0032D29F /* Frameworks */ = {
			isa = PBXFrameworksBuildPhase;
			buildActionMask = 2147483647;
			files = (
				131033B01AA8C82200012B41 /* MapKit.framework in Frameworks */,
			);
			runOnlyForDeploymentPostprocessing = 0;
		};
		E70778171A9BE04C0032D29F /* Frameworks */ = {
			isa = PBXFrameworksBuildPhase;
			buildActionMask = 2147483647;
			files = (
			);
			runOnlyForDeploymentPostprocessing = 0;
		};
/* End PBXFrameworksBuildPhase section */

/* Begin PBXGroup section */
		E70777FC1A9BE04B0032D29F = {
			isa = PBXGroup;
			children = (
				131033AF1AA8C82200012B41 /* MapKit.framework */,
				E70778071A9BE04B0032D29F /* GoThatWay */,
				E707781D1A9BE04C0032D29F /* GoThatWayTests */,
				E70778061A9BE04B0032D29F /* Products */,
			);
			sourceTree = "<group>";
		};
		E70778061A9BE04B0032D29F /* Products */ = {
			isa = PBXGroup;
			children = (
				E70778051A9BE04B0032D29F /* GoThatWay.app */,
				E707781A1A9BE04C0032D29F /* GoThatWayTests.xctest */,
			);
			name = Products;
			sourceTree = "<group>";
		};
		E70778071A9BE04B0032D29F /* GoThatWay */ = {
			isa = PBXGroup;
			children = (
				E707780A1A9BE04B0032D29F /* AppDelegate.swift */,
				E707780C1A9BE04B0032D29F /* ViewController.swift */,
				E707780E1A9BE04B0032D29F /* Main.storyboard */,
				E70778111A9BE04B0032D29F /* Images.xcassets */,
				E70778131A9BE04B0032D29F /* LaunchScreen.xib */,
				E70778081A9BE04B0032D29F /* Supporting Files */,
			);
			path = GoThatWay;
			sourceTree = "<group>";
		};
		E70778081A9BE04B0032D29F /* Supporting Files */ = {
			isa = PBXGroup;
			children = (
				E77620011AD5FB26008250CF /* ClearviewHwy 4B.ttf */,
				E7B67B491ACF76C000D23F40 /* NewArrow.png */,
				E7E07B451AD73D7B00AACFC0 /* corner.jpg */,
				E7E07B471AD741EB00AACFC0 /* cornerLL.jpg */,
				E7E07B4F1AD7492F00AACFC0 /* right.jpg */,
				E7E07B4D1AD7485D00AACFC0 /* bottom.jpg */,
				E7E07B531AD74A0300AACFC0 /* top.jpg */,
				E7E07B511AD749A300AACFC0 /* left.jpg */,
				E767495A1AA133BA00134894 /* arrow1.png */,
				E7E07B4B1AD7428700AACFC0 /* cornerLR.jpg */,
				E7E07B491AD7428100AACFC0 /* cornerUL.jpg */,
				E76749581AA133B200134894 /* Goscreen2.jpg */,
				E70778091A9BE04B0032D29F /* Info.plist */,
			);
			name = "Supporting Files";
			sourceTree = "<group>";
		};
		E707781D1A9BE04C0032D29F /* GoThatWayTests */ = {
			isa = PBXGroup;
			children = (
				E70778201A9BE04C0032D29F /* GoThatWayTests.swift */,
				E707781E1A9BE04C0032D29F /* Supporting Files */,
			);
			path = GoThatWayTests;
			sourceTree = "<group>";
		};
		E707781E1A9BE04C0032D29F /* Supporting Files */ = {
			isa = PBXGroup;
			children = (
				E707781F1A9BE04C0032D29F /* Info.plist */,
			);
			name = "Supporting Files";
			sourceTree = "<group>";
		};
/* End PBXGroup section */

/* Begin PBXNativeTarget section */
		E70778041A9BE04B0032D29F /* GoThatWay */ = {
			isa = PBXNativeTarget;
			buildConfigurationList = E70778241A9BE04C0032D29F /* Build configuration list for PBXNativeTarget "GoThatWay" */;
			buildPhases = (
				E70778011A9BE04B0032D29F /* Sources */,
				E70778021A9BE04B0032D29F /* Frameworks */,
				E70778031A9BE04B0032D29F /* Resources */,
			);
			buildRules = (
			);
			dependencies = (
			);
			name = GoThatWay;
			productName = GoThatWay;
			productReference = E70778051A9BE04B0032D29F /* GoThatWay.app */;
			productType = "com.apple.product-type.application";
		};
		E70778191A9BE04C0032D29F /* GoThatWayTests */ = {
			isa = PBXNativeTarget;
			buildConfigurationList = E70778271A9BE04C0032D29F /* Build configuration list for PBXNativeTarget "GoThatWayTests" */;
			buildPhases = (
				E70778161A9BE04C0032D29F /* Sources */,
				E70778171A9BE04C0032D29F /* Frameworks */,
				E70778181A9BE04C0032D29F /* Resources */,
			);
			buildRules = (
			);
			dependencies = (
				E707781C1A9BE04C0032D29F /* PBXTargetDependency */,
			);
			name = GoThatWayTests;
			productName = GoThatWayTests;
			productReference = E707781A1A9BE04C0032D29F /* GoThatWayTests.xctest */;
			productType = "com.apple.product-type.bundle.unit-test";
		};
/* End PBXNativeTarget section */

/* Begin PBXProject section */
		E70777FD1A9BE04B0032D29F /* Project object */ = {
			isa = PBXProject;
			attributes = {
				LastUpgradeCheck = 0610;
				ORGANIZATIONNAME = JSAHN;
				TargetAttributes = {
					E70778041A9BE04B0032D29F = {
						CreatedOnToolsVersion = 6.1.1;
						DevelopmentTeam = 6SE598Q4T5;
					};
					E70778191A9BE04C0032D29F = {
						CreatedOnToolsVersion = 6.1.1;
						TestTargetID = E70778041A9BE04B0032D29F;
					};
				};
			};
			buildConfigurationList = E70778001A9BE04B0032D29F /* Build configuration list for PBXProject "GoThatWay" */;
			compatibilityVersion = "Xcode 3.2";
			developmentRegion = English;
			hasScannedForEncodings = 0;
			knownRegions = (
				en,
				Base,
			);
			mainGroup = E70777FC1A9BE04B0032D29F;
			productRefGroup = E70778061A9BE04B0032D29F /* Products */;
			projectDirPath = "";
			projectRoot = "";
			targets = (
				E70778041A9BE04B0032D29F /* GoThatWay */,
				E70778191A9BE04C0032D29F /* GoThatWayTests */,
			);
		};
/* End PBXProject section */

/* Begin PBXResourcesBuildPhase section */
		E70778031A9BE04B0032D29F /* Resources */ = {
			isa = PBXResourcesBuildPhase;
			buildActionMask = 2147483647;
			files = (
				E77620031AD602DE008250CF /* Info.plist in Resources */,
				E7E07B521AD749A300AACFC0 /* left.jpg in Resources */,
				E76749591AA133B200134894 /* Goscreen2.jpg in Resources */,
				E7E07B4C1AD7428700AACFC0 /* cornerLR.jpg in Resources */,
				E77620021AD5FB26008250CF /* ClearviewHwy 4B.ttf in Resources */,
				E767495B1AA133BA00134894 /* arrow1.png in Resources */,
				E7E07B481AD741EB00AACFC0 /* cornerLL.jpg in Resources */,
				E7E07B501AD7492F00AACFC0 /* right.jpg in Resources */,
				E7E07B461AD73D7B00AACFC0 /* corner.jpg in Resources */,
				E7E07B541AD74A0300AACFC0 /* top.jpg in Resources */,
				E7E07B4E1AD7485D00AACFC0 /* bottom.jpg in Resources */,
				E70778101A9BE04B0032D29F /* Main.storyboard in Resources */,
				E70778151A9BE04B0032D29F /* LaunchScreen.xib in Resources */,
				E7B67B4A1ACF76C000D23F40 /* NewArrow.png in Resources */,
				E70778121A9BE04B0032D29F /* Images.xcassets in Resources */,
				E7E07B4A1AD7428100AACFC0 /* cornerUL.jpg in Resources */,
			);
			runOnlyForDeploymentPostprocessing = 0;
		};
		E70778181A9BE04C0032D29F /* Resources */ = {
			isa = PBXResourcesBuildPhase;
			buildActionMask = 2147483647;
			files = (
				E742BF401ACB718D00A017EF /* Main.storyboard in Resources */,
			);
			runOnlyForDeploymentPostprocessing = 0;
		};
/* End PBXResourcesBuildPhase section */

/* Begin PBXSourcesBuildPhase section */
		E70778011A9BE04B0032D29F /* Sources */ = {
			isa = PBXSourcesBuildPhase;
			buildActionMask = 2147483647;
			files = (
				E707780D1A9BE04B0032D29F /* ViewController.swift in Sources */,
				E707780B1A9BE04B0032D29F /* AppDelegate.swift in Sources */,
			);
			runOnlyForDeploymentPostprocessing = 0;
		};
		E70778161A9BE04C0032D29F /* Sources */ = {
			isa = PBXSourcesBuildPhase;
			buildActionMask = 2147483647;
			files = (
				E742BF3F1ACB718800A017EF /* ViewController.swift in Sources */,
				E70778211A9BE04C0032D29F /* GoThatWayTests.swift in Sources */,
			);
			runOnlyForDeploymentPostprocessing = 0;
		};
/* End PBXSourcesBuildPhase section */

/* Begin PBXTargetDependency section */
		E707781C1A9BE04C0032D29F /* PBXTargetDependency */ = {
			isa = PBXTargetDependency;
			target = E70778041A9BE04B0032D29F /* GoThatWay */;
			targetProxy = E707781B1A9BE04C0032D29F /* PBXContainerItemProxy */;
		};
/* End PBXTargetDependency section */

/* Begin PBXVariantGroup section */
		E707780E1A9BE04B0032D29F /* Main.storyboard */ = {
			isa = PBXVariantGroup;
			children = (
				E707780F1A9BE04B0032D29F /* Base */,
			);
			name = Main.storyboard;
			sourceTree = "<group>";
		};
		E70778131A9BE04B0032D29F /* LaunchScreen.xib */ = {
			isa = PBXVariantGroup;
			children = (
				E70778141A9BE04B0032D29F /* Base */,
			);
			name = LaunchScreen.xib;
			sourceTree = "<group>";
		};
/* End PBXVariantGroup section */

/* Begin XCBuildConfiguration section */
		E70778221A9BE04C0032D29F /* Debug */ = {
			isa = XCBuildConfiguration;
			buildSettings = {
				ALWAYS_SEARCH_USER_PATHS = NO;
				CLANG_CXX_LANGUAGE_STANDARD = "gnu++0x";
				CLANG_CXX_LIBRARY = "libc++";
				CLANG_ENABLE_MODULES = YES;
				CLANG_ENABLE_OBJC_ARC = YES;
				CLANG_WARN_BOOL_CONVERSION = YES;
				CLANG_WARN_CONSTANT_CONVERSION = YES;
				CLANG_WARN_DIRECT_OBJC_ISA_USAGE = YES_ERROR;
				CLANG_WARN_EMPTY_BODY = YES;
				CLANG_WARN_ENUM_CONVERSION = YES;
				CLANG_WARN_INT_CONVERSION = YES;
				CLANG_WARN_OBJC_ROOT_CLASS = YES_ERROR;
				CLANG_WARN_UNREACHABLE_CODE = YES;
				CLANG_WARN__DUPLICATE_METHOD_MATCH = YES;
				"CODE_SIGN_IDENTITY[sdk=iphoneos*]" = "iPhone Developer";
				COPY_PHASE_STRIP = NO;
				ENABLE_STRICT_OBJC_MSGSEND = YES;
				GCC_C_LANGUAGE_STANDARD = gnu99;
				GCC_DYNAMIC_NO_PIC = NO;
				GCC_OPTIMIZATION_LEVEL = 0;
				GCC_PREPROCESSOR_DEFINITIONS = (
					"DEBUG=1",
					"$(inherited)",
				);
				GCC_SYMBOLS_PRIVATE_EXTERN = NO;
				GCC_WARN_64_TO_32_BIT_CONVERSION = YES;
				GCC_WARN_ABOUT_RETURN_TYPE = YES_ERROR;
				GCC_WARN_UNDECLARED_SELECTOR = YES;
				GCC_WARN_UNINITIALIZED_AUTOS = YES_AGGRESSIVE;
				GCC_WARN_UNUSED_FUNCTION = YES;
				GCC_WARN_UNUSED_VARIABLE = YES;
				IPHONEOS_DEPLOYMENT_TARGET = 8.1;
				MTL_ENABLE_DEBUG_INFO = YES;
				ONLY_ACTIVE_ARCH = YES;
				SDKROOT = iphoneos;
				SWIFT_OPTIMIZATION_LEVEL = "-Onone";
			};
			name = Debug;
		};
		E70778231A9BE04C0032D29F /* Release */ = {
			isa = XCBuildConfiguration;
			buildSettings = {
				ALWAYS_SEARCH_USER_PATHS = NO;
				CLANG_CXX_LANGUAGE_STANDARD = "gnu++0x";
				CLANG_CXX_LIBRARY = "libc++";
				CLANG_ENABLE_MODULES = YES;
				CLANG_ENABLE_OBJC_ARC = YES;
				CLANG_WARN_BOOL_CONVERSION = YES;
				CLANG_WARN_CONSTANT_CONVERSION = YES;
				CLANG_WARN_DIRECT_OBJC_ISA_USAGE = YES_ERROR;
				CLANG_WARN_EMPTY_BODY = YES;
				CLANG_WARN_ENUM_CONVERSION = YES;
				CLANG_WARN_INT_CONVERSION = YES;
				CLANG_WARN_OBJC_ROOT_CLASS = YES_ERROR;
				CLANG_WARN_UNREACHABLE_CODE = YES;
				CLANG_WARN__DUPLICATE_METHOD_MATCH = YES;
				"CODE_SIGN_IDENTITY[sdk=iphoneos*]" = "iPhone Developer";
				COPY_PHASE_STRIP = YES;
				ENABLE_NS_ASSERTIONS = NO;
				ENABLE_STRICT_OBJC_MSGSEND = YES;
				GCC_C_LANGUAGE_STANDARD = gnu99;
				GCC_WARN_64_TO_32_BIT_CONVERSION = YES;
				GCC_WARN_ABOUT_RETURN_TYPE = YES_ERROR;
				GCC_WARN_UNDECLARED_SELECTOR = YES;
				GCC_WARN_UNINITIALIZED_AUTOS = YES_AGGRESSIVE;
				GCC_WARN_UNUSED_FUNCTION = YES;
				GCC_WARN_UNUSED_VARIABLE = YES;
				IPHONEOS_DEPLOYMENT_TARGET = 8.1;
				MTL_ENABLE_DEBUG_INFO = NO;
				SDKROOT = iphoneos;
				VALIDATE_PRODUCT = YES;
			};
			name = Release;
		};
		E70778251A9BE04C0032D29F /* Debug */ = {
			isa = XCBuildConfiguration;
			buildSettings = {
				ASSETCATALOG_COMPILER_APPICON_NAME = AppIcon;
				CODE_SIGN_IDENTITY = "iPhone Developer";
				"CODE_SIGN_IDENTITY[sdk=iphoneos*]" = "iPhone Developer";
				INFOPLIST_FILE = GoThatWay/Info.plist;
				IPHONEOS_DEPLOYMENT_TARGET = 8.0;
				LD_RUNPATH_SEARCH_PATHS = "$(inherited) @executable_path/Frameworks";
				PRODUCT_NAME = "$(TARGET_NAME)";
				PROVISIONING_PROFILE = "";
			};
			name = Debug;
		};
		E70778261A9BE04C0032D29F /* Release */ = {
			isa = XCBuildConfiguration;
			buildSettings = {
				ASSETCATALOG_COMPILER_APPICON_NAME = AppIcon;
				CODE_SIGN_IDENTITY = "iPhone Developer";
				"CODE_SIGN_IDENTITY[sdk=iphoneos*]" = "iPhone Developer";
				INFOPLIST_FILE = GoThatWay/Info.plist;
				IPHONEOS_DEPLOYMENT_TARGET = 8.0;
				LD_RUNPATH_SEARCH_PATHS = "$(inherited) @executable_path/Frameworks";
				PRODUCT_NAME = "$(TARGET_NAME)";
				PROVISIONING_PROFILE = "";
			};
			name = Release;
		};
		E70778281A9BE04C0032D29F /* Debug */ = {
			isa = XCBuildConfiguration;
			buildSettings = {
				BUNDLE_LOADER = "$(TEST_HOST)";
				FRAMEWORK_SEARCH_PATHS = (
					"$(SDKROOT)/Developer/Library/Frameworks",
					"$(inherited)",
				);
				GCC_PREPROCESSOR_DEFINITIONS = (
					"DEBUG=1",
					"$(inherited)",
				);
				INFOPLIST_FILE = GoThatWayTests/Info.plist;
				LD_RUNPATH_SEARCH_PATHS = "$(inherited) @executable_path/Frameworks @loader_path/Frameworks";
				PRODUCT_NAME = "$(TARGET_NAME)";
				TEST_HOST = "$(BUILT_PRODUCTS_DIR)/GoThatWay.app/GoThatWay";
			};
			name = Debug;
		};
		E70778291A9BE04C0032D29F /* Release */ = {
			isa = XCBuildConfiguration;
			buildSettings = {
				BUNDLE_LOADER = "$(TEST_HOST)";
				FRAMEWORK_SEARCH_PATHS = (
					"$(SDKROOT)/Developer/Library/Frameworks",
					"$(inherited)",
				);
				INFOPLIST_FILE = GoThatWayTests/Info.plist;
				LD_RUNPATH_SEARCH_PATHS = "$(inherited) @executable_path/Frameworks @loader_path/Frameworks";
				PRODUCT_NAME = "$(TARGET_NAME)";
				TEST_HOST = "$(BUILT_PRODUCTS_DIR)/GoThatWay.app/GoThatWay";
			};
			name = Release;
		};
/* End XCBuildConfiguration section */

/* Begin XCConfigurationList section */
		E70778001A9BE04B0032D29F /* Build configuration list for PBXProject "GoThatWay" */ = {
			isa = XCConfigurationList;
			buildConfigurations = (
				E70778221A9BE04C0032D29F /* Debug */,
				E70778231A9BE04C0032D29F /* Release */,
			);
			defaultConfigurationIsVisible = 0;
			defaultConfigurationName = Release;
		};
		E70778241A9BE04C0032D29F /* Build configuration list for PBXNativeTarget "GoThatWay" */ = {
			isa = XCConfigurationList;
			buildConfigurations = (
				E70778251A9BE04C0032D29F /* Debug */,
				E70778261A9BE04C0032D29F /* Release */,
			);
			defaultConfigurationIsVisible = 0;
			defaultConfigurationName = Release;
		};
		E70778271A9BE04C0032D29F /* Build configuration list for PBXNativeTarget "GoThatWayTests" */ = {
			isa = XCConfigurationList;
			buildConfigurations = (
				E70778281A9BE04C0032D29F /* Debug */,
				E70778291A9BE04C0032D29F /* Release */,
			);
			defaultConfigurationIsVisible = 0;
			defaultConfigurationName = Release;
		};
/* End XCConfigurationList section */
	};
	rootObject = E70777FD1A9BE04B0032D29F /* Project object */;
}
